{
  "name": "fastapi-example",
  "lockfileVersion": 3,
  "requires": true,
  "packages": {
    "": {
      "devDependencies": {
        "@vue-leaflet/vue-leaflet": "^0.9.0",
        "leaflet": "^1.9.3"
      }
    },
    "node_modules/@babel/parser": {
      "version": "7.21.8",
      "resolved": "https://registry.npmjs.org/@babel/parser/-/parser-7.21.8.tgz",
      "integrity": "sha512-6zavDGdzG3gUqAdWvlLFfk+36RilI+Pwyuuh7HItyeScCWP3k6i8vKclAQ0bM/0y/Kz/xiwvxhMv9MgTJP5gmA==",
      "dev": true,
      "bin": {
        "parser": "bin/babel-parser.js"
      },
      "engines": {
        "node": ">=6.0.0"
      }
    },
    "node_modules/@jridgewell/sourcemap-codec": {
      "version": "1.4.15",
      "resolved": "https://registry.npmjs.org/@jridgewell/sourcemap-codec/-/sourcemap-codec-1.4.15.tgz",
      "integrity": "sha512-eF2rxCRulEKXHTRiDrDy6erMYWqNw4LPdQ8UQA4huuxaQsVeRPFl2oM8oDGxMFhJUWZf9McpLtJasDDZb/Bpeg==",
      "dev": true
    },
    "node_modules/@vue-leaflet/vue-leaflet": {
      "version": "0.9.0",
      "resolved": "https://registry.npmjs.org/@vue-leaflet/vue-leaflet/-/vue-leaflet-0.9.0.tgz",
      "integrity": "sha512-B5sxleSIFP0RK+7418BQirZ7oXa0t2dZrwfGI/0ABgaFLCWmHWP26w4soqrF5MlpThvhieAIUVIVuTdgXUenmA==",
      "dev": true,
      "dependencies": {
        "vue": "^3.2.25"
      },
      "peerDependencies": {
        "@types/leaflet": "^1.5.7",
        "leaflet": "^1.6.0"
      },
      "peerDependenciesMeta": {
        "@types/leaflet": {
          "optional": true
        }
      }
    },
    "node_modules/@vue/compiler-core": {
      "version": "3.3.3",
      "resolved": "https://registry.npmjs.org/@vue/compiler-core/-/compiler-core-3.3.3.tgz",
      "integrity": "sha512-cHGJGye49NicgHZb+z7cvUQngqjQ1744DrdweATwgvCSVYZZFmq5Ye/r8gUSY76mu7mYmlgwGWpRuuXH8tq8/g==",
      "dev": true,
      "dependencies": {
        "@babel/parser": "^7.21.3",
        "@vue/shared": "3.3.3",
        "estree-walker": "^2.0.2",
        "source-map-js": "^1.0.2"
      }
    },
    "node_modules/@vue/compiler-dom": {
      "version": "3.3.3",
      "resolved": "https://registry.npmjs.org/@vue/compiler-dom/-/compiler-dom-3.3.3.tgz",
      "integrity": "sha512-Rau2ZZwBABhIuOOY0gj5ouLtlsOFd98ltcufshCD15ep52Ujue40E36e1tKvC+FI2gZuB25V6ilKSoHhvU6PMw==",
      "dev": true,
      "dependencies": {
        "@vue/compiler-core": "3.3.3",
        "@vue/shared": "3.3.3"
      }
    },
    "node_modules/@vue/compiler-sfc": {
      "version": "3.3.3",
      "resolved": "https://registry.npmjs.org/@vue/compiler-sfc/-/compiler-sfc-3.3.3.tgz",
      "integrity": "sha512-JMBavfIisxMdbML7a1WF8VPVhmCdhL4hLobpN2/AGm1gbDwC8qcIfSenXiOrjXvptNitnLbL+ESz3YM7bF/k8A==",
      "dev": true,
      "dependencies": {
        "@babel/parser": "^7.20.15",
        "@vue/compiler-core": "3.3.3",
        "@vue/compiler-dom": "3.3.3",
        "@vue/compiler-ssr": "3.3.3",
        "@vue/reactivity-transform": "3.3.3",
        "@vue/shared": "3.3.3",
        "estree-walker": "^2.0.2",
        "magic-string": "^0.30.0",
        "postcss": "^8.1.10",
        "source-map-js": "^1.0.2"
      }
    },
    "node_modules/@vue/compiler-ssr": {
      "version": "3.3.3",
      "resolved": "https://registry.npmjs.org/@vue/compiler-ssr/-/compiler-ssr-3.3.3.tgz",
      "integrity": "sha512-71JWLsJJDGe1yt/CQUtbzTRpZl7c1/dyQ5UpEVgOaJ2Ud0EOdk6hPVT5mApXnkc52/BveHQMlh1dNg2MVbMWNQ==",
      "dev": true,
      "dependencies": {
        "@vue/compiler-dom": "3.3.3",
        "@vue/shared": "3.3.3"
      }
    },
    "node_modules/@vue/reactivity": {
      "version": "3.3.3",
      "resolved": "https://registry.npmjs.org/@vue/reactivity/-/reactivity-3.3.3.tgz",
      "integrity": "sha512-3YEI/iX6gwWAS/bqPIc6x54f8UnxkRSioTEpdJ3a6JwNRjPRcx29WtygxOO+EHnmkRQQ2xoby4JcNXR2cI2i5A==",
      "dev": true,
      "dependencies": {
        "@vue/shared": "3.3.3"
      }
    },
    "node_modules/@vue/reactivity-transform": {
      "version": "3.3.3",
      "resolved": "https://registry.npmjs.org/@vue/reactivity-transform/-/reactivity-transform-3.3.3.tgz",
      "integrity": "sha512-xB0OAOmtzlzegvIa92UnJQB+JFAZkAy6zfiHljtHvDVlHhNg4B2evdgC4SbCFU8fwghUSB3XQXZJj9l5TON3iQ==",
      "dev": true,
      "dependencies": {
        "@babel/parser": "^7.20.15",
        "@vue/compiler-core": "3.3.3",
        "@vue/shared": "3.3.3",
        "estree-walker": "^2.0.2",
        "magic-string": "^0.30.0"
      }
    },
    "node_modules/@vue/runtime-core": {
      "version": "3.3.3",
      "resolved": "https://registry.npmjs.org/@vue/runtime-core/-/runtime-core-3.3.3.tgz",
      "integrity": "sha512-XELOv1phZ29KrzjJAZDVjU+AgKnWnmdVItIBUfaTsIRDs1+FwjQqRobFJ4YNVYc6sGf5p7vY+C4wS7Jk0i2/Sg==",
      "dev": true,
      "dependencies": {
        "@vue/reactivity": "3.3.3",
        "@vue/shared": "3.3.3"
      }
    },
    "node_modules/@vue/runtime-dom": {
      "version": "3.3.3",
      "resolved": "https://registry.npmjs.org/@vue/runtime-dom/-/runtime-dom-3.3.3.tgz",
      "integrity": "sha512-2Wg9A0blIpjAd3dcJcAfyqhE7hO1e9XqKdLyexsMmttsXxKHi1Yvy4ib7M5QKSFxmJAwYqBTM9uvLKWA4EkgTw==",
      "dev": true,
      "dependencies": {
        "@vue/runtime-core": "3.3.3",
        "@vue/shared": "3.3.3",
        "csstype": "^3.1.1"
      }
    },
    "node_modules/@vue/server-renderer": {
      "version": "3.3.3",
      "resolved": "https://registry.npmjs.org/@vue/server-renderer/-/server-renderer-3.3.3.tgz",
      "integrity": "sha512-N8fZ1LzHKUS6H11g8niR7YhRcha3k8k21UMP68hnXXWWVZeAuhUZv7Ln9eV29vnHwbMap63qx0ZNmqDvKO1Ucw==",
      "dev": true,
      "dependencies": {
        "@vue/compiler-ssr": "3.3.3",
        "@vue/shared": "3.3.3"
      },
      "peerDependencies": {
        "vue": "3.3.3"
      }
    },
    "node_modules/@vue/shared": {
      "version": "3.3.3",
      "resolved": "https://registry.npmjs.org/@vue/shared/-/shared-3.3.3.tgz",
      "integrity": "sha512-CHPWoZcIKVIiDCBZ20RYKaIvdfJG8JLIySfyR2HT79iziM8R8etS7WTj4Q6fcWkFwCV7nKr7ZUoisTI+lbZcbQ==",
      "dev": true
    },
    "node_modules/csstype": {
      "version": "3.1.2",
      "resolved": "https://registry.npmjs.org/csstype/-/csstype-3.1.2.tgz",
      "integrity": "sha512-I7K1Uu0MBPzaFKg4nI5Q7Vs2t+3gWWW648spaF+Rg7pI9ds18Ugn+lvg4SHczUdKlHI5LWBXyqfS8+DufyBsgQ==",
      "dev": true
    },
    "node_modules/estree-walker": {
      "version": "2.0.2",
      "resolved": "https://registry.npmjs.org/estree-walker/-/estree-walker-2.0.2.tgz",
      "integrity": "sha512-Rfkk/Mp/DL7JVje3u18FxFujQlTNR2q6QfMSMB7AvCBx91NGj/ba3kCfza0f6dVDbw7YlRf/nDrn7pQrCCyQ/w==",
      "dev": true
    },
    "node_modules/leaflet": {
      "version": "1.9.3",
      "resolved": "https://registry.npmjs.org/leaflet/-/leaflet-1.9.3.tgz",
      "integrity": "sha512-iB2cR9vAkDOu5l3HAay2obcUHZ7xwUBBjph8+PGtmW/2lYhbLizWtG7nTeYht36WfOslixQF9D/uSIzhZgGMfQ==",
      "dev": true
    },
    "node_modules/magic-string": {
      "version": "0.30.0",
      "resolved": "https://registry.npmjs.org/magic-string/-/magic-string-0.30.0.tgz",
      "integrity": "sha512-LA+31JYDJLs82r2ScLrlz1GjSgu66ZV518eyWT+S8VhyQn/JL0u9MeBOvQMGYiPk1DBiSN9DDMOcXvigJZaViQ==",
      "dev": true,
      "dependencies": {
        "@jridgewell/sourcemap-codec": "^1.4.13"
      },
      "engines": {
        "node": ">=12"
      }
    },
    "node_modules/nanoid": {
      "version": "3.3.6",
      "resolved": "https://registry.npmjs.org/nanoid/-/nanoid-3.3.6.tgz",
      "integrity": "sha512-BGcqMMJuToF7i1rt+2PWSNVnWIkGCU78jBG3RxO/bZlnZPK2Cmi2QaffxGO/2RvWi9sL+FAiRiXMgsyxQ1DIDA==",
      "dev": true,
      "funding": [
        {
          "type": "github",
          "url": "https://github.com/sponsors/ai"
        }
      ],
      "bin": {
        "nanoid": "bin/nanoid.cjs"
      },
      "engines": {
        "node": "^10 || ^12 || ^13.7 || ^14 || >=15.0.1"
      }
    },
    "node_modules/picocolors": {
      "version": "1.0.0",
      "resolved": "https://registry.npmjs.org/picocolors/-/picocolors-1.0.0.tgz",
      "integrity": "sha512-1fygroTLlHu66zi26VoTDv8yRgm0Fccecssto+MhsZ0D/DGW2sm8E8AjW7NU5VVTRt5GxbeZ5qBuJr+HyLYkjQ==",
      "dev": true
    },
    "node_modules/postcss": {
      "version": "8.4.23",
      "resolved": "https://registry.npmjs.org/postcss/-/postcss-8.4.23.tgz",
      "integrity": "sha512-bQ3qMcpF6A/YjR55xtoTr0jGOlnPOKAIMdOWiv0EIT6HVPEaJiJB4NLljSbiHoC2RX7DN5Uvjtpbg1NPdwv1oA==",
      "dev": true,
      "funding": [
        {
          "type": "opencollective",
          "url": "https://opencollective.com/postcss/"
        },
        {
          "type": "tidelift",
          "url": "https://tidelift.com/funding/github/npm/postcss"
        },
        {
          "type": "github",
          "url": "https://github.com/sponsors/ai"
        }
      ],
      "dependencies": {
        "nanoid": "^3.3.6",
        "picocolors": "^1.0.0",
        "source-map-js": "^1.0.2"
      },
      "engines": {
        "node": "^10 || ^12 || >=14"
      }
    },
    "node_modules/source-map-js": {
      "version": "1.0.2",
      "resolved": "https://registry.npmjs.org/source-map-js/-/source-map-js-1.0.2.tgz",
      "integrity": "sha512-R0XvVJ9WusLiqTCEiGCmICCMplcCkIwwR11mOSD9CR5u+IXYdiseeEuXCVAjS54zqwkLcPNnmU4OeJ6tUrWhDw==",
      "dev": true,
      "engines": {
        "node": ">=0.10.0"
      }
    },
    "node_modules/vue": {
      "version": "3.3.3",
      "resolved": "https://registry.npmjs.org/vue/-/vue-3.3.3.tgz",
      "integrity": "sha512-5J1kKsL2huJDmEJGeV6ugjnJOlrEgzlwHRoTrYsBMEe+vza0UJAYWnMLwigtZ10Af1weORIilDT+nFrIeb4cgg==",
      "dev": true,
      "dependencies": {
        "@vue/compiler-dom": "3.3.3",
        "@vue/compiler-sfc": "3.3.3",
        "@vue/runtime-dom": "3.3.3",
        "@vue/server-renderer": "3.3.3",
        "@vue/shared": "3.3.3"
      }
    }
  }
}
